
Microsoft Visual Studio Solution File, Format Version 12.00
# Visual Studio Version 16
VisualStudioVersion = 16.0.30523.141
MinimumVisualStudioVersion = 10.0.40219.1
Project("{FAE04EC0-301F-11D3-BF4B-00C04F79EFBC}") = "SalesWebMVC", "SalesWebMVC\SalesWebMVC.csproj", "{5029F319-CBF9-4AA1-B7C8-924021BE4D72}"
EndProject
Global
	GlobalSection(SolutionConfigurationPlatforms) = preSolution
		Debug|Any CPU = Debug|Any CPU
		Release|Any CPU = Release|Any CPU
	EndGlobalSection
	GlobalSection(ProjectConfigurationPlatforms) = postSolution
		{5029F319-CBF9-4AA1-B7C8-924021BE4D72}.Debug|Any CPU.ActiveCfg = Debug|Any CPU
		{5029F319-CBF9-4AA1-B7C8-924021BE4D72}.Debug|Any CPU.Build.0 = Debug|Any CPU
		{5029F319-CBF9-4AA1-B7C8-924021BE4D72}.Release|Any CPU.ActiveCfg = Release|Any CPU
		{5029F319-CBF9-4AA1-B7C8-924021BE4D72}.Release|Any CPU.Build.0 = Release|Any CPU
	EndGlobalSection
	GlobalSection(SolutionProperties) = preSolution
		HideSolutionNode = FALSE
	EndGlobalSection
	GlobalSection(ExtensibilityGlobals) = postSolution
		SolutionGuid = {2F916DA8-2507-4913-9F16-E8B96F174B7D}
	EndGlobalSection
EndGlobal
